// !$*UTF8*$!
{
	archiveVersion = 1;
	classes = {
	};
	objectVersion = 50;
	objects = {

/* Begin PBXBuildFile section */
		685E23DF20CA3A5400BDFCD3 /* AppDelegate.swift in Sources */ = {isa = PBXBuildFile; fileRef = 685E23DE20CA3A5400BDFCD3 /* AppDelegate.swift */; };
		685E23E120CA3A5400BDFCD3 /* ViewController.swift in Sources */ = {isa = PBXBuildFile; fileRef = 685E23E020CA3A5400BDFCD3 /* ViewController.swift */; };
		685E23E420CA3A5400BDFCD3 /* Main.storyboard in Resources */ = {isa = PBXBuildFile; fileRef = 685E23E220CA3A5400BDFCD3 /* Main.storyboard */; };
		685E23E620CA3A5600BDFCD3 /* Assets.xcassets in Resources */ = {isa = PBXBuildFile; fileRef = 685E23E520CA3A5600BDFCD3 /* Assets.xcassets */; };
		685E23E920CA3A5600BDFCD3 /* LaunchScreen.storyboard in Resources */ = {isa = PBXBuildFile; fileRef = 685E23E720CA3A5600BDFCD3 /* LaunchScreen.storyboard */; };
		685E23F420CA3A5600BDFCD3 /* maraepsTests.swift in Sources */ = {isa = PBXBuildFile; fileRef = 685E23F320CA3A5600BDFCD3 /* maraepsTests.swift */; };
		685E23FF20CA3A5600BDFCD3 /* maraepsUITests.swift in Sources */ = {isa = PBXBuildFile; fileRef = 685E23FE20CA3A5600BDFCD3 /* maraepsUITests.swift */; };
		6878E94720CFA8FD0016D799 /* AccountsTableViewController.swift in Sources */ = {isa = PBXBuildFile; fileRef = 6878E94620CFA8FD0016D799 /* AccountsTableViewController.swift */; };
/* End PBXBuildFile section */

/* Begin PBXContainerItemProxy section */
		685E23F020CA3A5600BDFCD3 /* PBXContainerItemProxy */ = {
			isa = PBXContainerItemProxy;
			containerPortal = 685E23D320CA3A5400BDFCD3 /* Project object */;
			proxyType = 1;
			remoteGlobalIDString = 685E23DA20CA3A5400BDFCD3;
			remoteInfo = maraeps;
		};
		685E23FB20CA3A5600BDFCD3 /* PBXContainerItemProxy */ = {
			isa = PBXContainerItemProxy;
			containerPortal = 685E23D320CA3A5400BDFCD3 /* Project object */;
			proxyType = 1;
			remoteGlobalIDString = 685E23DA20CA3A5400BDFCD3;
			remoteInfo = maraeps;
		};
/* End PBXContainerItemProxy section */

/* Begin PBXFileReference section */
		685E23DB20CA3A5400BDFCD3 /* iosbase.app */ = {isa = PBXFileReference; explicitFileType = wrapper.application; includeInIndex = 0; path = iosbase.app; sourceTree = BUILT_PRODUCTS_DIR; };
		685E23DE20CA3A5400BDFCD3 /* AppDelegate.swift */ = {isa = PBXFileReference; lastKnownFileType = sourcecode.swift; path = AppDelegate.swift; sourceTree = "<group>"; };
		685E23E020CA3A5400BDFCD3 /* ViewController.swift */ = {isa = PBXFileReference; lastKnownFileType = sourcecode.swift; path = ViewController.swift; sourceTree = "<group>"; };
		685E23E320CA3A5400BDFCD3 /* Base */ = {isa = PBXFileReference; lastKnownFileType = file.storyboard; name = Base; path = Base.lproj/Main.storyboard; sourceTree = "<group>"; };
		685E23E520CA3A5600BDFCD3 /* Assets.xcassets */ = {isa = PBXFileReference; lastKnownFileType = folder.assetcatalog; path = Assets.xcassets; sourceTree = "<group>"; };
		685E23E820CA3A5600BDFCD3 /* Base */ = {isa = PBXFileReference; lastKnownFileType = file.storyboard; name = Base; path = Base.lproj/LaunchScreen.storyboard; sourceTree = "<group>"; };
		685E23EA20CA3A5600BDFCD3 /* Info.plist */ = {isa = PBXFileReference; lastKnownFileType = text.plist.xml; path = Info.plist; sourceTree = "<group>"; };
		685E23EF20CA3A5600BDFCD3 /* iosbaseTests.xctest */ = {isa = PBXFileReference; explicitFileType = wrapper.cfbundle; includeInIndex = 0; path = iosbaseTests.xctest; sourceTree = BUILT_PRODUCTS_DIR; };
		685E23F320CA3A5600BDFCD3 /* maraepsTests.swift */ = {isa = PBXFileReference; lastKnownFileType = sourcecode.swift; path = maraepsTests.swift; sourceTree = "<group>"; };
		685E23F520CA3A5600BDFCD3 /* Info.plist */ = {isa = PBXFileReference; lastKnownFileType = text.plist.xml; path = Info.plist; sourceTree = "<group>"; };
		685E23FA20CA3A5600BDFCD3 /* iosbaseUITests.xctest */ = {isa = PBXFileReference; explicitFileType = wrapper.cfbundle; includeInIndex = 0; path = iosbaseUITests.xctest; sourceTree = BUILT_PRODUCTS_DIR; };
		685E23FE20CA3A5600BDFCD3 /* maraepsUITests.swift */ = {isa = PBXFileReference; lastKnownFileType = sourcecode.swift; path = maraepsUITests.swift; sourceTree = "<group>"; };
		685E240020CA3A5600BDFCD3 /* Info.plist */ = {isa = PBXFileReference; lastKnownFileType = text.plist.xml; path = Info.plist; sourceTree = "<group>"; };
		6878E94620CFA8FD0016D799 /* AccountsTableViewController.swift */ = {isa = PBXFileReference; lastKnownFileType = sourcecode.swift; path = AccountsTableViewController.swift; sourceTree = "<group>"; };
/* End PBXFileReference section */

/* Begin PBXFrameworksBuildPhase section */
		685E23D820CA3A5400BDFCD3 /* Frameworks */ = {
			isa = PBXFrameworksBuildPhase;
			buildActionMask = 2147483647;
			files = (
			);
			runOnlyForDeploymentPostprocessing = 0;
		};
		685E23EC20CA3A5600BDFCD3 /* Frameworks */ = {
			isa = PBXFrameworksBuildPhase;
			buildActionMask = 2147483647;
			files = (
			);
			runOnlyForDeploymentPostprocessing = 0;
		};
		685E23F720CA3A5600BDFCD3 /* Frameworks */ = {
			isa = PBXFrameworksBuildPhase;
			buildActionMask = 2147483647;
			files = (
			);
			runOnlyForDeploymentPostprocessing = 0;
		};
/* End PBXFrameworksBuildPhase section */

/* Begin PBXGroup section */
		685E23D220CA3A5400BDFCD3 = {
			isa = PBXGroup;
			children = (
				685E23DD20CA3A5400BDFCD3 /* iosbase */,
				685E23F220CA3A5600BDFCD3 /* iosbaseTests */,
				685E23FD20CA3A5600BDFCD3 /* iosbaseUITests */,
				685E23DC20CA3A5400BDFCD3 /* Products */,
			);
			sourceTree = "<group>";
		};
		685E23DC20CA3A5400BDFCD3 /* Products */ = {
			isa = PBXGroup;
			children = (
				685E23DB20CA3A5400BDFCD3 /* iosbase.app */,
				685E23EF20CA3A5600BDFCD3 /* iosbaseTests.xctest */,
				685E23FA20CA3A5600BDFCD3 /* iosbaseUITests.xctest */,
			);
			name = Products;
			sourceTree = "<group>";
		};
		685E23DD20CA3A5400BDFCD3 /* iosbase */ = {
			isa = PBXGroup;
			children = (
				685E23DE20CA3A5400BDFCD3 /* AppDelegate.swift */,
				685E23E020CA3A5400BDFCD3 /* ViewController.swift */,
				685E23E220CA3A5400BDFCD3 /* Main.storyboard */,
				685E23E520CA3A5600BDFCD3 /* Assets.xcassets */,
				685E23E720CA3A5600BDFCD3 /* LaunchScreen.storyboard */,
				685E23EA20CA3A5600BDFCD3 /* Info.plist */,
				6878E94620CFA8FD0016D799 /* AccountsTableViewController.swift */,
			);
			path = iosbase;
			sourceTree = "<group>";
		};
		685E23F220CA3A5600BDFCD3 /* iosbaseTests */ = {
			isa = PBXGroup;
			children = (
				685E23F320CA3A5600BDFCD3 /* maraepsTests.swift */,
				685E23F520CA3A5600BDFCD3 /* Info.plist */,
			);
			path = iosbaseTests;
			sourceTree = "<group>";
		};
		685E23FD20CA3A5600BDFCD3 /* iosbaseUITests */ = {
			isa = PBXGroup;
			children = (
				685E23FE20CA3A5600BDFCD3 /* maraepsUITests.swift */,
				685E240020CA3A5600BDFCD3 /* Info.plist */,
			);
			path = iosbaseUITests;
			sourceTree = "<group>";
		};
/* End PBXGroup section */

/* Begin PBXNativeTarget section */
		685E23DA20CA3A5400BDFCD3 /* iosbase */ = {
			isa = PBXNativeTarget;
			buildConfigurationList = 685E240320CA3A5600BDFCD3 /* Build configuration list for PBXNativeTarget "iosbase" */;
			buildPhases = (
				685E23D720CA3A5400BDFCD3 /* Sources */,
				685E23D820CA3A5400BDFCD3 /* Frameworks */,
				685E23D920CA3A5400BDFCD3 /* Resources */,
			);
			buildRules = (
			);
			dependencies = (
			);
			name = iosbase;
			productName = maraeps;
			productReference = 685E23DB20CA3A5400BDFCD3 /* iosbase.app */;
			productType = "com.apple.product-type.application";
		};
		685E23EE20CA3A5600BDFCD3 /* iosbaseTests */ = {
			isa = PBXNativeTarget;
			buildConfigurationList = 685E240620CA3A5600BDFCD3 /* Build configuration list for PBXNativeTarget "iosbaseTests" */;
			buildPhases = (
				685E23EB20CA3A5600BDFCD3 /* Sources */,
				685E23EC20CA3A5600BDFCD3 /* Frameworks */,
				685E23ED20CA3A5600BDFCD3 /* Resources */,
			);
			buildRules = (
			);
			dependencies = (
				685E23F120CA3A5600BDFCD3 /* PBXTargetDependency */,
			);
			name = iosbaseTests;
			productName = maraepsTests;
			productReference = 685E23EF20CA3A5600BDFCD3 /* iosbaseTests.xctest */;
			productType = "com.apple.product-type.bundle.unit-test";
		};
		685E23F920CA3A5600BDFCD3 /* iosbaseUITests */ = {
			isa = PBXNativeTarget;
			buildConfigurationList = 685E240920CA3A5600BDFCD3 /* Build configuration list for PBXNativeTarget "iosbaseUITests" */;
			buildPhases = (
				685E23F620CA3A5600BDFCD3 /* Sources */,
				685E23F720CA3A5600BDFCD3 /* Frameworks */,
				685E23F820CA3A5600BDFCD3 /* Resources */,
			);
			buildRules = (
			);
			dependencies = (
				685E23FC20CA3A5600BDFCD3 /* PBXTargetDependency */,
			);
			name = iosbaseUITests;
			productName = maraepsUITests;
			productReference = 685E23FA20CA3A5600BDFCD3 /* iosbaseUITests.xctest */;
			productType = "com.apple.product-type.bundle.ui-testing";
		};
/* End PBXNativeTarget section */

/* Begin PBXProject section */
		685E23D320CA3A5400BDFCD3 /* Project object */ = {
			isa = PBXProject;
			attributes = {
				LastSwiftUpdateCheck = 0930;
				LastUpgradeCheck = 0930;
				ORGANIZATIONNAME = "Authentic Venture Sdn Bhd";
				TargetAttributes = {
					685E23DA20CA3A5400BDFCD3 = {
						CreatedOnToolsVersion = 9.3;
					};
					685E23EE20CA3A5600BDFCD3 = {
						CreatedOnToolsVersion = 9.3;
						TestTargetID = 685E23DA20CA3A5400BDFCD3;
					};
					685E23F920CA3A5600BDFCD3 = {
						CreatedOnToolsVersion = 9.3;
						TestTargetID = 685E23DA20CA3A5400BDFCD3;
					};
				};
			};
			buildConfigurationList = 685E23D620CA3A5400BDFCD3 /* Build configuration list for PBXProject "iosbase" */;
			compatibilityVersion = "Xcode 9.3";
			developmentRegion = en;
			hasScannedForEncodings = 0;
			knownRegions = (
				en,
				Base,
			);
			mainGroup = 685E23D220CA3A5400BDFCD3;
			productRefGroup = 685E23DC20CA3A5400BDFCD3 /* Products */;
			projectDirPath = "";
			projectRoot = "";
			targets = (
				685E23DA20CA3A5400BDFCD3 /* iosbase */,
				685E23EE20CA3A5600BDFCD3 /* iosbaseTests */,
				685E23F920CA3A5600BDFCD3 /* iosbaseUITests */,
			);
		};
/* End PBXProject section */

/* Begin PBXResourcesBuildPhase section */
		685E23D920CA3A5400BDFCD3 /* Resources */ = {
			isa = PBXResourcesBuildPhase;
			buildActionMask = 2147483647;
			files = (
				685E23E920CA3A5600BDFCD3 /* LaunchScreen.storyboard in Resources */,
				685E23E620CA3A5600BDFCD3 /* Assets.xcassets in Resources */,
				685E23E420CA3A5400BDFCD3 /* Main.storyboard in Resources */,
			);
			runOnlyForDeploymentPostprocessing = 0;
		};
		685E23ED20CA3A5600BDFCD3 /* Resources */ = {
			isa = PBXResourcesBuildPhase;
			buildActionMask = 2147483647;
			files = (
			);
			runOnlyForDeploymentPostprocessing = 0;
		};
		685E23F820CA3A5600BDFCD3 /* Resources */ = {
			isa = PBXResourcesBuildPhase;
			buildActionMask = 2147483647;
			files = (
			);
			runOnlyForDeploymentPostprocessing = 0;
		};
/* End PBXResourcesBuildPhase section */

/* Begin PBXSourcesBuildPhase section */
		685E23D720CA3A5400BDFCD3 /* Sources */ = {
			isa = PBXSourcesBuildPhase;
			buildActionMask = 2147483647;
			files = (
				685E23E120CA3A5400BDFCD3 /* ViewController.swift in Sources */,
				6878E94720CFA8FD0016D799 /* AccountsTableViewController.swift in Sources */,
				685E23DF20CA3A5400BDFCD3 /* AppDelegate.swift in Sources */,
			);
			runOnlyForDeploymentPostprocessing = 0;
		};
		685E23EB20CA3A5600BDFCD3 /* Sources */ = {
			isa = PBXSourcesBuildPhase;
			buildActionMask = 2147483647;
			files = (
				685E23F420CA3A5600BDFCD3 /* maraepsTests.swift in Sources */,
			);
			runOnlyForDeploymentPostprocessing = 0;
		};
		685E23F620CA3A5600BDFCD3 /* Sources */ = {
			isa = PBXSourcesBuildPhase;
			buildActionMask = 2147483647;
			files = (
				685E23FF20CA3A5600BDFCD3 /* maraepsUITests.swift in Sources */,
			);
			runOnlyForDeploymentPostprocessing = 0;
		};
/* End PBXSourcesBuildPhase section */

/* Begin PBXTargetDependency section */
		685E23F120CA3A5600BDFCD3 /* PBXTargetDependency */ = {
			isa = PBXTargetDependency;
			target = 685E23DA20CA3A5400BDFCD3 /* iosbase */;
			targetProxy = 685E23F020CA3A5600BDFCD3 /* PBXContainerItemProxy */;
		};
		685E23FC20CA3A5600BDFCD3 /* PBXTargetDependency */ = {
			isa = PBXTargetDependency;
			target = 685E23DA20CA3A5400BDFCD3 /* iosbase */;
			targetProxy = 685E23FB20CA3A5600BDFCD3 /* PBXContainerItemProxy */;
		};
/* End PBXTargetDependency section */

/* Begin PBXVariantGroup section */
		685E23E220CA3A5400BDFCD3 /* Main.storyboard */ = {
			isa = PBXVariantGroup;
			children = (
				685E23E320CA3A5400BDFCD3 /* Base */,
			);
			name = Main.storyboard;
			sourceTree = "<group>";
		};
		685E23E720CA3A5600BDFCD3 /* LaunchScreen.storyboard */ = {
			isa = PBXVariantGroup;
			children = (
				685E23E820CA3A5600BDFCD3 /* Base */,
			);
			name = LaunchScreen.storyboard;
			sourceTree = "<group>";
		};
/* End PBXVariantGroup section */

/* Begin XCBuildConfiguration section */
		685E240120CA3A5600BDFCD3 /* Debug */ = {
			isa = XCBuildConfiguration;
			buildSettings = {
				ALWAYS_SEARCH_USER_PATHS = NO;
				CLANG_ANALYZER_NONNULL = YES;
				CLANG_ANALYZER_NUMBER_OBJECT_CONVERSION = YES_AGGRESSIVE;
				CLANG_CXX_LANGUAGE_STANDARD = "gnu++14";
				CLANG_CXX_LIBRARY = "libc++";
				CLANG_ENABLE_MODULES = YES;
				CLANG_ENABLE_OBJC_ARC = YES;
				CLANG_ENABLE_OBJC_WEAK = YES;
				CLANG_WARN_BLOCK_CAPTURE_AUTORELEASING = YES;
				CLANG_WARN_BOOL_CONVERSION = YES;
				CLANG_WARN_COMMA = YES;
				CLANG_WARN_CONSTANT_CONVERSION = YES;
				CLANG_WARN_DEPRECATED_OBJC_IMPLEMENTATIONS = YES;
				CLANG_WARN_DIRECT_OBJC_ISA_USAGE = YES_ERROR;
				CLANG_WARN_DOCUMENTATION_COMMENTS = YES;
				CLANG_WARN_EMPTY_BODY = YES;
				CLANG_WARN_ENUM_CONVERSION = YES;
				CLANG_WARN_INFINITE_RECURSION = YES;
				CLANG_WARN_INT_CONVERSION = YES;
				CLANG_WARN_NON_LITERAL_NULL_CONVERSION = YES;
				CLANG_WARN_OBJC_IMPLICIT_RETAIN_SELF = YES;
				CLANG_WARN_OBJC_LITERAL_CONVERSION = YES;
				CLANG_WARN_OBJC_ROOT_CLASS = YES_ERROR;
				CLANG_WARN_RANGE_LOOP_ANALYSIS = YES;
				CLANG_WARN_STRICT_PROTOTYPES = YES;
				CLANG_WARN_SUSPICIOUS_MOVE = YES;
				CLANG_WARN_UNGUARDED_AVAILABILITY = YES_AGGRESSIVE;
				CLANG_WARN_UNREACHABLE_CODE = YES;
				CLANG_WARN__DUPLICATE_METHOD_MATCH = YES;
				CODE_SIGN_IDENTITY = "iPhone Developer";
				COPY_PHASE_STRIP = NO;
				DEBUG_INFORMATION_FORMAT = dwarf;
				ENABLE_STRICT_OBJC_MSGSEND = YES;
				ENABLE_TESTABILITY = YES;
				GCC_C_LANGUAGE_STANDARD = gnu11;
				GCC_DYNAMIC_NO_PIC = NO;
				GCC_NO_COMMON_BLOCKS = YES;
				GCC_OPTIMIZATION_LEVEL = 0;
				GCC_PREPROCESSOR_DEFINITIONS = (
					"DEBUG=1",
					"$(inherited)",
				);
				GCC_WARN_64_TO_32_BIT_CONVERSION = YES;
				GCC_WARN_ABOUT_RETURN_TYPE = YES_ERROR;
				GCC_WARN_UNDECLARED_SELECTOR = YES;
				GCC_WARN_UNINITIALIZED_AUTOS = YES_AGGRESSIVE;
				GCC_WARN_UNUSED_FUNCTION = YES;
				GCC_WARN_UNUSED_VARIABLE = YES;
				IPHONEOS_DEPLOYMENT_TARGET = 11.3;
				MTL_ENABLE_DEBUG_INFO = YES;
				ONLY_ACTIVE_ARCH = YES;
				SDKROOT = iphoneos;
				SWIFT_ACTIVE_COMPILATION_CONDITIONS = DEBUG;
				SWIFT_OPTIMIZATION_LEVEL = "-Onone";
			};
			name = Debug;
		};
		685E240220CA3A5600BDFCD3 /* Release */ = {
			isa = XCBuildConfiguration;
			buildSettings = {
				ALWAYS_SEARCH_USER_PATHS = NO;
				CLANG_ANALYZER_NONNULL = YES;
				CLANG_ANALYZER_NUMBER_OBJECT_CONVERSION = YES_AGGRESSIVE;
				CLANG_CXX_LANGUAGE_STANDARD = "gnu++14";
				CLANG_CXX_LIBRARY = "libc++";
				CLANG_ENABLE_MODULES = YES;
				CLANG_ENABLE_OBJC_ARC = YES;
				CLANG_ENABLE_OBJC_WEAK = YES;
				CLANG_WARN_BLOCK_CAPTURE_AUTORELEASING = YES;
				CLANG_WARN_BOOL_CONVERSION = YES;
				CLANG_WARN_COMMA = YES;
				CLANG_WARN_CONSTANT_CONVERSION = YES;
				CLANG_WARN_DEPRECATED_OBJC_IMPLEMENTATIONS = YES;
				CLANG_WARN_DIRECT_OBJC_ISA_USAGE = YES_ERROR;
				CLANG_WARN_DOCUMENTATION_COMMENTS = YES;
				CLANG_WARN_EMPTY_BODY = YES;
				CLANG_WARN_ENUM_CONVERSION = YES;
				CLANG_WARN_INFINITE_RECURSION = YES;
				CLANG_WARN_INT_CONVERSION = YES;
				CLANG_WARN_NON_LITERAL_NULL_CONVERSION = YES;
				CLANG_WARN_OBJC_IMPLICIT_RETAIN_SELF = YES;
				CLANG_WARN_OBJC_LITERAL_CONVERSION = YES;
				CLANG_WARN_OBJC_ROOT_CLASS = YES_ERROR;
				CLANG_WARN_RANGE_LOOP_ANALYSIS = YES;
				CLANG_WARN_STRICT_PROTOTYPES = YES;
				CLANG_WARN_SUSPICIOUS_MOVE = YES;
				CLANG_WARN_UNGUARDED_AVAILABILITY = YES_AGGRESSIVE;
				CLANG_WARN_UNREACHABLE_CODE = YES;
				CLANG_WARN__DUPLICATE_METHOD_MATCH = YES;
				CODE_SIGN_IDENTITY = "iPhone Developer";
				COPY_PHASE_STRIP = NO;
				DEBUG_INFORMATION_FORMAT = "dwarf-with-dsym";
				ENABLE_NS_ASSERTIONS = NO;
				ENABLE_STRICT_OBJC_MSGSEND = YES;
				GCC_C_LANGUAGE_STANDARD = gnu11;
				GCC_NO_COMMON_BLOCKS = YES;
				GCC_WARN_64_TO_32_BIT_CONVERSION = YES;
				GCC_WARN_ABOUT_RETURN_TYPE = YES_ERROR;
				GCC_WARN_UNDECLARED_SELECTOR = YES;
				GCC_WARN_UNINITIALIZED_AUTOS = YES_AGGRESSIVE;
				GCC_WARN_UNUSED_FUNCTION = YES;
				GCC_WARN_UNUSED_VARIABLE = YES;
				IPHONEOS_DEPLOYMENT_TARGET = 11.3;
				MTL_ENABLE_DEBUG_INFO = NO;
				SDKROOT = iphoneos;
				SWIFT_COMPILATION_MODE = wholemodule;
				SWIFT_OPTIMIZATION_LEVEL = "-O";
				VALIDATE_PRODUCT = YES;
			};
			name = Release;
		};
		685E240420CA3A5600BDFCD3 /* Debug */ = {
			isa = XCBuildConfiguration;
			buildSettings = {
				ASSETCATALOG_COMPILER_APPICON_NAME = AppIcon;
				CODE_SIGN_IDENTITY = "iPhone Developer";
				CODE_SIGN_STYLE = Automatic;
				DEVELOPMENT_TEAM = KH5E55BKKT;
				INFOPLIST_FILE = maraeps/Info.plist;
				IPHONEOS_DEPLOYMENT_TARGET = 9.3;
				LD_RUNPATH_SEARCH_PATHS = (
					"$(inherited)",
					"@executable_path/Frameworks",
				);
				PRODUCT_BUNDLE_IDENTIFIER = asia.cloudware.maraepsb;
				PRODUCT_NAME = "$(TARGET_NAME)";
				PROVISIONING_PROFILE_SPECIFIER = "";
				SWIFT_VERSION = 4.0;
				TARGETED_DEVICE_FAMILY = "1,2";
			};
			name = Debug;
		};
		685E240520CA3A5600BDFCD3 /* Release */ = {
			isa = XCBuildConfiguration;
			buildSettings = {
				ASSETCATALOG_COMPILER_APPICON_NAME = AppIcon;
				CODE_SIGN_IDENTITY = "iPhone Developer";
				CODE_SIGN_STYLE = Automatic;
				DEVELOPMENT_TEAM = KH5E55BKKT;
				INFOPLIST_FILE = maraeps/Info.plist;
				IPHONEOS_DEPLOYMENT_TARGET = 9.3;
				LD_RUNPATH_SEARCH_PATHS = (
					"$(inherited)",
					"@executable_path/Frameworks",
				);
				PRODUCT_BUNDLE_IDENTIFIER = asia.cloudware.maraepsb;
				PRODUCT_NAME = "$(TARGET_NAME)";
				PROVISIONING_PROFILE_SPECIFIER = "";
				SWIFT_VERSION = 4.0;
				TARGETED_DEVICE_FAMILY = "1,2";
			};
			name = Release;
		};
		685E240720CA3A5600BDFCD3 /* Debug */ = {
			isa = XCBuildConfiguration;
			buildSettings = {
				ALWAYS_EMBED_SWIFT_STANDARD_LIBRARIES = YES;
				BUNDLE_LOADER = "$(TEST_HOST)";
				CODE_SIGN_STYLE = Automatic;
				DEVELOPMENT_TEAM = KH5E55BKKT;
				INFOPLIST_FILE = maraepsTests/Info.plist;
				LD_RUNPATH_SEARCH_PATHS = (
					"$(inherited)",
					"@executable_path/Frameworks",
					"@loader_path/Frameworks",
				);
				PRODUCT_BUNDLE_IDENTIFIER = asia.cloudware.maraepsTests;
				PRODUCT_NAME = "$(TARGET_NAME)";
				SWIFT_VERSION = 4.0;
				TARGETED_DEVICE_FAMILY = "1,2";
				TEST_HOST = "$(BUILT_PRODUCTS_DIR)/iosbase.app/iosbase";
			};
			name = Debug;
		};
		685E240820CA3A5600BDFCD3 /* Release */ = {
			isa = XCBuildConfiguration;
			buildSettings = {
				ALWAYS_EMBED_SWIFT_STANDARD_LIBRARIES = YES;
				BUNDLE_LOADER = "$(TEST_HOST)";
				CODE_SIGN_STYLE = Automatic;
				DEVELOPMENT_TEAM = KH5E55BKKT;
				INFOPLIST_FILE = maraepsTests/Info.plist;
				LD_RUNPATH_SEARCH_PATHS = (
					"$(inherited)",
					"@executable_path/Frameworks",
					"@loader_path/Frameworks",
				);
				PRODUCT_BUNDLE_IDENTIFIER = asia.cloudware.maraepsTests;
				PRODUCT_NAME = "$(TARGET_NAME)";
				SWIFT_VERSION = 4.0;
				TARGETED_DEVICE_FAMILY = "1,2";
				TEST_HOST = "$(BUILT_PRODUCTS_DIR)/iosbase.app/iosbase";
			};
			name = Release;
		};
		685E240A20CA3A5600BDFCD3 /* Debug */ = {
			isa = XCBuildConfiguration;
			buildSettings = {
				ALWAYS_EMBED_SWIFT_STANDARD_LIBRARIES = YES;
				CODE_SIGN_STYLE = Automatic;
				DEVELOPMENT_TEAM = KH5E55BKKT;
				INFOPLIST_FILE = maraepsUITests/Info.plist;
				LD_RUNPATH_SEARCH_PATHS = (
					"$(inherited)",
					"@executable_path/Frameworks",
					"@loader_path/Frameworks",
				);
				PRODUCT_BUNDLE_IDENTIFIER = asia.cloudware.maraepsUITests;
				PRODUCT_NAME = "$(TARGET_NAME)";
				SWIFT_VERSION = 4.0;
				TARGETED_DEVICE_FAMILY = "1,2";
				TEST_TARGET_NAME = maraeps;
			};
			name = Debug;
		};
		685E240B20CA3A5600BDFCD3 /* Release */ = {
			isa = XCBuildConfiguration;
			buildSettings = {
				ALWAYS_EMBED_SWIFT_STANDARD_LIBRARIES = YES;
				CODE_SIGN_STYLE = Automatic;
				DEVELOPMENT_TEAM = KH5E55BKKT;
				INFOPLIST_FILE = maraepsUITests/Info.plist;
				LD_RUNPATH_SEARCH_PATHS = (
					"$(inherited)",
					"@executable_path/Frameworks",
					"@loader_path/Frameworks",
				);
				PRODUCT_BUNDLE_IDENTIFIER = asia.cloudware.maraepsUITests;
				PRODUCT_NAME = "$(TARGET_NAME)";
				SWIFT_VERSION = 4.0;
				TARGETED_DEVICE_FAMILY = "1,2";
				TEST_TARGET_NAME = maraeps;
			};
			name = Release;
		};
/* End XCBuildConfiguration section */

/* Begin XCConfigurationList section */
		685E23D620CA3A5400BDFCD3 /* Build configuration list for PBXProject "iosbase" */ = {
			isa = XCConfigurationList;
			buildConfigurations = (
				685E240120CA3A5600BDFCD3 /* Debug */,
				685E240220CA3A5600BDFCD3 /* Release */,
			);
			defaultConfigurationIsVisible = 0;
			defaultConfigurationName = Release;
		};
		685E240320CA3A5600BDFCD3 /* Build configuration list for PBXNativeTarget "iosbase" */ = {
			isa = XCConfigurationList;
			buildConfigurations = (
				685E240420CA3A5600BDFCD3 /* Debug */,
				685E240520CA3A5600BDFCD3 /* Release */,
			);
			defaultConfigurationIsVisible = 0;
			defaultConfigurationName = Release;
		};
		685E240620CA3A5600BDFCD3 /* Build configuration list for PBXNativeTarget "iosbaseTests" */ = {
			isa = XCConfigurationList;
			buildConfigurations = (
				685E240720CA3A5600BDFCD3 /* Debug */,
				685E240820CA3A5600BDFCD3 /* Release */,
			);
			defaultConfigurationIsVisible = 0;
			defaultConfigurationName = Release;
		};
		685E240920CA3A5600BDFCD3 /* Build configuration list for PBXNativeTarget "iosbaseUITests" */ = {
			isa = XCConfigurationList;
			buildConfigurations = (
				685E240A20CA3A5600BDFCD3 /* Debug */,
				685E240B20CA3A5600BDFCD3 /* Release */,
			);
			defaultConfigurationIsVisible = 0;
			defaultConfigurationName = Release;
		};
/* End XCConfigurationList section */
	};
	rootObject = 685E23D320CA3A5400BDFCD3 /* Project object */;
}
